{
    "hash": "2c59eee1aab1ccfb1db4b4f258bebe02",
    "packages": [
        {
            "package": "symfony/console",
            "version": "v2.1.0"
        },
        {
            "package": "symfony/filesystem",
            "version": "v2.1.0"
        },
        {
            "package": "symfony/finder",
            "version": "v2.1.0"
        }
    ],
    "packages-dev": null,
    "aliases": [

    ],
    "minimum-stability": "stable",
    "stability-flags": [

    ]
}
